// !$*UTF8*$!
{
	archiveVersion = 1;
	classes = {
	};
	objectVersion = 77;
	objects = {

/* Begin PBXBuildFile section */
		AD058AED2DA8131B002BA735 /* RMCharactersRepositorySuccessMock.swift in Sources */ = {isa = PBXBuildFile; fileRef = AD058AEC2DA8131B002BA735 /* RMCharactersRepositorySuccessMock.swift */; };
		AD058AEF2DA81336002BA735 /* RMCharactersRepositoryFailureMock.swift in Sources */ = {isa = PBXBuildFile; fileRef = AD058AEE2DA81336002BA735 /* RMCharactersRepositoryFailureMock.swift */; };
		AD058AF52DA8135B002BA735 /* RMEpisodesRepositoryFullSuccessMock.swift in Sources */ = {isa = PBXBuildFile; fileRef = AD058AF42DA8135B002BA735 /* RMEpisodesRepositoryFullSuccessMock.swift */; };
		AD058AF72DA81376002BA735 /* RMEpisodesRepositoryResultsSuccessMock.swift in Sources */ = {isa = PBXBuildFile; fileRef = AD058AF62DA81376002BA735 /* RMEpisodesRepositoryResultsSuccessMock.swift */; };
		AD058AF92DA81380002BA735 /* RMEpisodesRepositoryFailureMock.swift in Sources */ = {isa = PBXBuildFile; fileRef = AD058AF82DA81380002BA735 /* RMEpisodesRepositoryFailureMock.swift */; };
		AD058AFC2DA814AF002BA735 /* RMCharactersListMock.swift in Sources */ = {isa = PBXBuildFile; fileRef = AD058AFB2DA814AF002BA735 /* RMCharactersListMock.swift */; };
		AD058AFE2DA814C3002BA735 /* RMEpisodesListMock.swift in Sources */ = {isa = PBXBuildFile; fileRef = AD058AFD2DA814C3002BA735 /* RMEpisodesListMock.swift */; };
		AD058B002DA81643002BA735 /* RMCharactersUseCaseTest.swift in Sources */ = {isa = PBXBuildFile; fileRef = AD058AFF2DA81643002BA735 /* RMCharactersUseCaseTest.swift */; };
		AD058B022DA8164F002BA735 /* RMEpisodesUseCaseTest.swift in Sources */ = {isa = PBXBuildFile; fileRef = AD058B012DA8164F002BA735 /* RMEpisodesUseCaseTest.swift */; };
		AD058B112DA879B0002BA735 /* Localizable.strings in Resources */ = {isa = PBXBuildFile; fileRef = AD058B0F2DA879B0002BA735 /* Localizable.strings */; };
		AD058B142DA87A8A002BA735 /* 39138-morty-cry-loader.json in Resources */ = {isa = PBXBuildFile; fileRef = AD058B122DA87A8A002BA735 /* 39138-morty-cry-loader.json */; };
		AD058B152DA87A8A002BA735 /* 98770-assistagro-loading-bars.json in Resources */ = {isa = PBXBuildFile; fileRef = AD058B132DA87A8A002BA735 /* 98770-assistagro-loading-bars.json */; };
		AD058B172DA87BE1002BA735 /* RMCharacterLoadingCell.swift in Sources */ = {isa = PBXBuildFile; fileRef = AD058B162DA87BE1002BA735 /* RMCharacterLoadingCell.swift */; };
		AD058B1A2DA87C0D002BA735 /* RMEmptyStateView.swift in Sources */ = {isa = PBXBuildFile; fileRef = AD058B192DA87C0D002BA735 /* RMEmptyStateView.swift */; };
		AD058B1E2DA87D7A002BA735 /* Lottie in Frameworks */ = {isa = PBXBuildFile; productRef = AD058B1D2DA87D7A002BA735 /* Lottie */; };
		AD058B202DA87E82002BA735 /* LottieView.swift in Sources */ = {isa = PBXBuildFile; fileRef = AD058B1F2DA87E82002BA735 /* LottieView.swift */; };
		AD058B232DA8806B002BA735 /* shlop_rg.otf in Resources */ = {isa = PBXBuildFile; fileRef = AD058B212DA8806B002BA735 /* shlop_rg.otf */; };
		AD21AAA52DA5805500443773 /* AppDependenciesBuilder.swift in Sources */ = {isa = PBXBuildFile; fileRef = AD21AA712DA5805500443773 /* AppDependenciesBuilder.swift */; };
		AD21AAA62DA5805500443773 /* AppEnvironment.swift in Sources */ = {isa = PBXBuildFile; fileRef = AD21AA722DA5805500443773 /* AppEnvironment.swift */; };
		AD21AAA72DA5805500443773 /* RMErrorManager.swift in Sources */ = {isa = PBXBuildFile; fileRef = AD21AA742DA5805500443773 /* RMErrorManager.swift */; };
		AD21AAA82DA5805500443773 /* RickAndMortyiOSApp.swift in Sources */ = {isa = PBXBuildFile; fileRef = AD21AA782DA5805500443773 /* RickAndMortyiOSApp.swift */; };
		AD21AAB62DA5805500443773 /* RMCharacterDetailTypeView.swift in Sources */ = {isa = PBXBuildFile; fileRef = AD21AA912DA5805500443773 /* RMCharacterDetailTypeView.swift */; };
		AD21AAB72DA5805500443773 /* RMCharacterDetailView.swift in Sources */ = {isa = PBXBuildFile; fileRef = AD21AA922DA5805500443773 /* RMCharacterDetailView.swift */; };
		AD21AAB82DA5805500443773 /* RMCharacterProfileImageView.swift in Sources */ = {isa = PBXBuildFile; fileRef = AD21AA932DA5805500443773 /* RMCharacterProfileImageView.swift */; };
		AD21AAB92DA5805500443773 /* RMCharacterDetailViewModel.swift in Sources */ = {isa = PBXBuildFile; fileRef = AD21AA952DA5805500443773 /* RMCharacterDetailViewModel.swift */; };
		AD21AABA2DA5805500443773 /* RMCharacterCellView.swift in Sources */ = {isa = PBXBuildFile; fileRef = AD21AA982DA5805500443773 /* RMCharacterCellView.swift */; };
		AD21AABB2DA5805500443773 /* RMCharactersListView.swift in Sources */ = {isa = PBXBuildFile; fileRef = AD21AA992DA5805500443773 /* RMCharactersListView.swift */; };
		AD21AABD2DA5805500443773 /* RMCharactersListViewModel.swift in Sources */ = {isa = PBXBuildFile; fileRef = AD21AA9C2DA5805500443773 /* RMCharactersListViewModel.swift */; };
		AD21AABE2DA5805500443773 /* Preview Assets.xcassets in Resources */ = {isa = PBXBuildFile; fileRef = AD21AA762DA5805500443773 /* Preview Assets.xcassets */; };
		AD21AABF2DA5805500443773 /* Assets.xcassets in Resources */ = {isa = PBXBuildFile; fileRef = AD21AAA12DA5805500443773 /* Assets.xcassets */; };
		AD21AAC02DA5805500443773 /* Preview Assets.xcassets in Resources */ = {isa = PBXBuildFile; fileRef = AD21AAA22DA5805500443773 /* Preview Assets.xcassets */; };
		AD21AAC22DA5A8E100443773 /* RMEpisodeCellView.swift in Sources */ = {isa = PBXBuildFile; fileRef = AD21AAC12DA5A8E100443773 /* RMEpisodeCellView.swift */; };
		AD21AAC82DA5AD4B00443773 /* RMEndpoints.swift in Sources */ = {isa = PBXBuildFile; fileRef = AD21AAC72DA5AD4B00443773 /* RMEndpoints.swift */; };
		AD21AAD12DA5AE2C00443773 /* RMRequestInfoDecodable.swift in Sources */ = {isa = PBXBuildFile; fileRef = AD21AAD02DA5AE2C00443773 /* RMRequestInfoDecodable.swift */; };
		AD21AAD32DA5AE4D00443773 /* RMCharactersListDecodable.swift in Sources */ = {isa = PBXBuildFile; fileRef = AD21AAD22DA5AE4D00443773 /* RMCharactersListDecodable.swift */; };
		AD21AAD52DA5AE6100443773 /* RMCharacterDecodable.swift in Sources */ = {isa = PBXBuildFile; fileRef = AD21AAD42DA5AE6100443773 /* RMCharacterDecodable.swift */; };
		AD21AAD72DA5AE7C00443773 /* RMCharacterLocationDecodable.swift in Sources */ = {isa = PBXBuildFile; fileRef = AD21AAD62DA5AE7C00443773 /* RMCharacterLocationDecodable.swift */; };
		AD21AAD92DA5AFB000443773 /* RMEpisodesListDecodable.swift in Sources */ = {isa = PBXBuildFile; fileRef = AD21AAD82DA5AFB000443773 /* RMEpisodesListDecodable.swift */; };
		AD21AADB2DA5B1C400443773 /* RMEpisodeDecodable.swift in Sources */ = {isa = PBXBuildFile; fileRef = AD21AADA2DA5B1C400443773 /* RMEpisodeDecodable.swift */; };
		AD21AADD2DA5B1D700443773 /* RMCharactersRepository.swift in Sources */ = {isa = PBXBuildFile; fileRef = AD21AADC2DA5B1D700443773 /* RMCharactersRepository.swift */; };
		AD21AADF2DA5B2B900443773 /* RMCharactersRepositoryParameters.swift in Sources */ = {isa = PBXBuildFile; fileRef = AD21AADE2DA5B2B900443773 /* RMCharactersRepositoryParameters.swift */; };
		AD21AAE12DA5B2D500443773 /* RMEpisodesRepository.swift in Sources */ = {isa = PBXBuildFile; fileRef = AD21AAE02DA5B2D500443773 /* RMEpisodesRepository.swift */; };
		AD21AAE32DA5B2DF00443773 /* RMEpisodesRepositoryParameters.swift in Sources */ = {isa = PBXBuildFile; fileRef = AD21AAE22DA5B2DF00443773 /* RMEpisodesRepositoryParameters.swift */; };
		AD21AAE52DA5B30000443773 /* RMRequestInfoEntity.swift in Sources */ = {isa = PBXBuildFile; fileRef = AD21AAE42DA5B30000443773 /* RMRequestInfoEntity.swift */; };
		AD21AAEC2DA5B38100443773 /* RMCharactersListEntity.swift in Sources */ = {isa = PBXBuildFile; fileRef = AD21AAEB2DA5B38100443773 /* RMCharactersListEntity.swift */; };
		AD21AAEE2DA5B38A00443773 /* RMCharacterEntity.swift in Sources */ = {isa = PBXBuildFile; fileRef = AD21AAED2DA5B38A00443773 /* RMCharacterEntity.swift */; };
		AD21AAF02DA5B39400443773 /* RMCharacterStatusEntity.swift in Sources */ = {isa = PBXBuildFile; fileRef = AD21AAEF2DA5B39400443773 /* RMCharacterStatusEntity.swift */; };
		AD21AAF22DA5B3A600443773 /* RMCharacterGenderEntity.swift in Sources */ = {isa = PBXBuildFile; fileRef = AD21AAF12DA5B3A600443773 /* RMCharacterGenderEntity.swift */; };
		AD21AAF42DA5B3B900443773 /* RMCharacterLocationEntity.swift in Sources */ = {isa = PBXBuildFile; fileRef = AD21AAF32DA5B3B900443773 /* RMCharacterLocationEntity.swift */; };
		AD21AAF82DA5B3D300443773 /* RMEpisodesListEntity.swift in Sources */ = {isa = PBXBuildFile; fileRef = AD21AAF72DA5B3D300443773 /* RMEpisodesListEntity.swift */; };
		AD21AAFA2DA5B3DE00443773 /* RMEpisodeEntity.swift in Sources */ = {isa = PBXBuildFile; fileRef = AD21AAF92DA5B3DE00443773 /* RMEpisodeEntity.swift */; };
		AD21AAFF2DA5B6DA00443773 /* RMCharactersUseCase.swift in Sources */ = {isa = PBXBuildFile; fileRef = AD21AAFE2DA5B6DA00443773 /* RMCharactersUseCase.swift */; };
		AD21AB012DA5B6E400443773 /* RMCharactersUseCaseParameters.swift in Sources */ = {isa = PBXBuildFile; fileRef = AD21AB002DA5B6E400443773 /* RMCharactersUseCaseParameters.swift */; };
		AD21AB072DA5B70D00443773 /* RMEpisodesUseCase.swift in Sources */ = {isa = PBXBuildFile; fileRef = AD21AB062DA5B70D00443773 /* RMEpisodesUseCase.swift */; };
		AD21AB092DA5B71900443773 /* RMEpisodesUseCaseParameters.swift in Sources */ = {isa = PBXBuildFile; fileRef = AD21AB082DA5B71900443773 /* RMEpisodesUseCaseParameters.swift */; };
		AD21AB0D2DA5E21E00443773 /* RMCharactersListModel.swift in Sources */ = {isa = PBXBuildFile; fileRef = AD21AB0C2DA5E21E00443773 /* RMCharactersListModel.swift */; };
		AD21AB0F2DA5E23900443773 /* RMCharacterDetailModel.swift in Sources */ = {isa = PBXBuildFile; fileRef = AD21AB0E2DA5E23900443773 /* RMCharacterDetailModel.swift */; };
		AD21AB132DA5E63C00443773 /* RMImageCacheMannager.swift in Sources */ = {isa = PBXBuildFile; fileRef = AD21AB122DA5E63C00443773 /* RMImageCacheMannager.swift */; };
		AD21AB162DA5E67300443773 /* StringLocalized.swift in Sources */ = {isa = PBXBuildFile; fileRef = AD21AB152DA5E67300443773 /* StringLocalized.swift */; };
		ADB5F6352DA6AD510023D4D2 /* RMLoadingStatus.swift in Sources */ = {isa = PBXBuildFile; fileRef = ADB5F6342DA6AD510023D4D2 /* RMLoadingStatus.swift */; };
/* End PBXBuildFile section */

/* Begin PBXContainerItemProxy section */
		AD541CB12DA19C10003F54C0 /* PBXContainerItemProxy */ = {
			isa = PBXContainerItemProxy;
			containerPortal = AD541C982DA19C0E003F54C0 /* Project object */;
			proxyType = 1;
			remoteGlobalIDString = AD541C9F2DA19C0E003F54C0;
			remoteInfo = RickAndMortyiOSApp;
		};
/* End PBXContainerItemProxy section */

/* Begin PBXFileReference section */
		AD058AEC2DA8131B002BA735 /* RMCharactersRepositorySuccessMock.swift */ = {isa = PBXFileReference; lastKnownFileType = sourcecode.swift; path = RMCharactersRepositorySuccessMock.swift; sourceTree = "<group>"; };
		AD058AEE2DA81336002BA735 /* RMCharactersRepositoryFailureMock.swift */ = {isa = PBXFileReference; lastKnownFileType = sourcecode.swift; path = RMCharactersRepositoryFailureMock.swift; sourceTree = "<group>"; };
		AD058AF42DA8135B002BA735 /* RMEpisodesRepositoryFullSuccessMock.swift */ = {isa = PBXFileReference; lastKnownFileType = sourcecode.swift; path = RMEpisodesRepositoryFullSuccessMock.swift; sourceTree = "<group>"; };
		AD058AF62DA81376002BA735 /* RMEpisodesRepositoryResultsSuccessMock.swift */ = {isa = PBXFileReference; lastKnownFileType = sourcecode.swift; path = RMEpisodesRepositoryResultsSuccessMock.swift; sourceTree = "<group>"; };
		AD058AF82DA81380002BA735 /* RMEpisodesRepositoryFailureMock.swift */ = {isa = PBXFileReference; lastKnownFileType = sourcecode.swift; path = RMEpisodesRepositoryFailureMock.swift; sourceTree = "<group>"; };
		AD058AFB2DA814AF002BA735 /* RMCharactersListMock.swift */ = {isa = PBXFileReference; lastKnownFileType = sourcecode.swift; path = RMCharactersListMock.swift; sourceTree = "<group>"; };
		AD058AFD2DA814C3002BA735 /* RMEpisodesListMock.swift */ = {isa = PBXFileReference; lastKnownFileType = sourcecode.swift; path = RMEpisodesListMock.swift; sourceTree = "<group>"; };
		AD058AFF2DA81643002BA735 /* RMCharactersUseCaseTest.swift */ = {isa = PBXFileReference; lastKnownFileType = sourcecode.swift; path = RMCharactersUseCaseTest.swift; sourceTree = "<group>"; };
		AD058B012DA8164F002BA735 /* RMEpisodesUseCaseTest.swift */ = {isa = PBXFileReference; lastKnownFileType = sourcecode.swift; path = RMEpisodesUseCaseTest.swift; sourceTree = "<group>"; };
		AD058B102DA879B0002BA735 /* en */ = {isa = PBXFileReference; lastKnownFileType = text.plist.strings; name = en; path = en.lproj/Localizable.strings; sourceTree = "<group>"; };
		AD058B122DA87A8A002BA735 /* 39138-morty-cry-loader.json */ = {isa = PBXFileReference; lastKnownFileType = text.json; path = "39138-morty-cry-loader.json"; sourceTree = "<group>"; };
		AD058B132DA87A8A002BA735 /* 98770-assistagro-loading-bars.json */ = {isa = PBXFileReference; lastKnownFileType = text.json; path = "98770-assistagro-loading-bars.json"; sourceTree = "<group>"; };
		AD058B162DA87BE1002BA735 /* RMCharacterLoadingCell.swift */ = {isa = PBXFileReference; lastKnownFileType = sourcecode.swift; path = RMCharacterLoadingCell.swift; sourceTree = "<group>"; };
		AD058B192DA87C0D002BA735 /* RMEmptyStateView.swift */ = {isa = PBXFileReference; lastKnownFileType = sourcecode.swift; path = RMEmptyStateView.swift; sourceTree = "<group>"; };
		AD058B1F2DA87E82002BA735 /* LottieView.swift */ = {isa = PBXFileReference; lastKnownFileType = sourcecode.swift; path = LottieView.swift; sourceTree = "<group>"; };
		AD058B212DA8806B002BA735 /* shlop_rg.otf */ = {isa = PBXFileReference; lastKnownFileType = file; path = shlop_rg.otf; sourceTree = "<group>"; };
		AD058B242DA880DE002BA735 /* Info.plist */ = {isa = PBXFileReference; lastKnownFileType = text.plist.xml; path = Info.plist; sourceTree = "<group>"; };
		AD21AA712DA5805500443773 /* AppDependenciesBuilder.swift */ = {isa = PBXFileReference; lastKnownFileType = sourcecode.swift; path = AppDependenciesBuilder.swift; sourceTree = "<group>"; };
		AD21AA722DA5805500443773 /* AppEnvironment.swift */ = {isa = PBXFileReference; lastKnownFileType = sourcecode.swift; path = AppEnvironment.swift; sourceTree = "<group>"; };
		AD21AA742DA5805500443773 /* RMErrorManager.swift */ = {isa = PBXFileReference; lastKnownFileType = sourcecode.swift; path = RMErrorManager.swift; sourceTree = "<group>"; };
		AD21AA762DA5805500443773 /* Preview Assets.xcassets */ = {isa = PBXFileReference; lastKnownFileType = folder.assetcatalog; path = "Preview Assets.xcassets"; sourceTree = "<group>"; };
		AD21AA782DA5805500443773 /* RickAndMortyiOSApp.swift */ = {isa = PBXFileReference; lastKnownFileType = sourcecode.swift; path = RickAndMortyiOSApp.swift; sourceTree = "<group>"; };
		AD21AA912DA5805500443773 /* RMCharacterDetailTypeView.swift */ = {isa = PBXFileReference; lastKnownFileType = sourcecode.swift; path = RMCharacterDetailTypeView.swift; sourceTree = "<group>"; };
		AD21AA922DA5805500443773 /* RMCharacterDetailView.swift */ = {isa = PBXFileReference; lastKnownFileType = sourcecode.swift; path = RMCharacterDetailView.swift; sourceTree = "<group>"; };
		AD21AA932DA5805500443773 /* RMCharacterProfileImageView.swift */ = {isa = PBXFileReference; lastKnownFileType = sourcecode.swift; path = RMCharacterProfileImageView.swift; sourceTree = "<group>"; };
		AD21AA952DA5805500443773 /* RMCharacterDetailViewModel.swift */ = {isa = PBXFileReference; lastKnownFileType = sourcecode.swift; path = RMCharacterDetailViewModel.swift; sourceTree = "<group>"; };
		AD21AA982DA5805500443773 /* RMCharacterCellView.swift */ = {isa = PBXFileReference; lastKnownFileType = sourcecode.swift; path = RMCharacterCellView.swift; sourceTree = "<group>"; };
		AD21AA992DA5805500443773 /* RMCharactersListView.swift */ = {isa = PBXFileReference; lastKnownFileType = sourcecode.swift; path = RMCharactersListView.swift; sourceTree = "<group>"; };
		AD21AA9C2DA5805500443773 /* RMCharactersListViewModel.swift */ = {isa = PBXFileReference; lastKnownFileType = sourcecode.swift; path = RMCharactersListViewModel.swift; sourceTree = "<group>"; };
		AD21AAA12DA5805500443773 /* Assets.xcassets */ = {isa = PBXFileReference; lastKnownFileType = folder.assetcatalog; path = Assets.xcassets; sourceTree = "<group>"; };
		AD21AAA22DA5805500443773 /* Preview Assets.xcassets */ = {isa = PBXFileReference; lastKnownFileType = folder.assetcatalog; path = "Preview Assets.xcassets"; sourceTree = "<group>"; };
		AD21AAC12DA5A8E100443773 /* RMEpisodeCellView.swift */ = {isa = PBXFileReference; lastKnownFileType = sourcecode.swift; path = RMEpisodeCellView.swift; sourceTree = "<group>"; };
		AD21AAC72DA5AD4B00443773 /* RMEndpoints.swift */ = {isa = PBXFileReference; lastKnownFileType = sourcecode.swift; path = RMEndpoints.swift; sourceTree = "<group>"; };
		AD21AAD02DA5AE2C00443773 /* RMRequestInfoDecodable.swift */ = {isa = PBXFileReference; lastKnownFileType = sourcecode.swift; path = RMRequestInfoDecodable.swift; sourceTree = "<group>"; };
		AD21AAD22DA5AE4D00443773 /* RMCharactersListDecodable.swift */ = {isa = PBXFileReference; lastKnownFileType = sourcecode.swift; path = RMCharactersListDecodable.swift; sourceTree = "<group>"; };
		AD21AAD42DA5AE6100443773 /* RMCharacterDecodable.swift */ = {isa = PBXFileReference; lastKnownFileType = sourcecode.swift; path = RMCharacterDecodable.swift; sourceTree = "<group>"; };
		AD21AAD62DA5AE7C00443773 /* RMCharacterLocationDecodable.swift */ = {isa = PBXFileReference; lastKnownFileType = sourcecode.swift; path = RMCharacterLocationDecodable.swift; sourceTree = "<group>"; };
		AD21AAD82DA5AFB000443773 /* RMEpisodesListDecodable.swift */ = {isa = PBXFileReference; lastKnownFileType = sourcecode.swift; path = RMEpisodesListDecodable.swift; sourceTree = "<group>"; };
		AD21AADA2DA5B1C400443773 /* RMEpisodeDecodable.swift */ = {isa = PBXFileReference; lastKnownFileType = sourcecode.swift; path = RMEpisodeDecodable.swift; sourceTree = "<group>"; };
		AD21AADC2DA5B1D700443773 /* RMCharactersRepository.swift */ = {isa = PBXFileReference; lastKnownFileType = sourcecode.swift; path = RMCharactersRepository.swift; sourceTree = "<group>"; };
		AD21AADE2DA5B2B900443773 /* RMCharactersRepositoryParameters.swift */ = {isa = PBXFileReference; lastKnownFileType = sourcecode.swift; path = RMCharactersRepositoryParameters.swift; sourceTree = "<group>"; };
		AD21AAE02DA5B2D500443773 /* RMEpisodesRepository.swift */ = {isa = PBXFileReference; lastKnownFileType = sourcecode.swift; path = RMEpisodesRepository.swift; sourceTree = "<group>"; };
		AD21AAE22DA5B2DF00443773 /* RMEpisodesRepositoryParameters.swift */ = {isa = PBXFileReference; lastKnownFileType = sourcecode.swift; path = RMEpisodesRepositoryParameters.swift; sourceTree = "<group>"; };
		AD21AAE42DA5B30000443773 /* RMRequestInfoEntity.swift */ = {isa = PBXFileReference; lastKnownFileType = sourcecode.swift; path = RMRequestInfoEntity.swift; sourceTree = "<group>"; };
		AD21AAEB2DA5B38100443773 /* RMCharactersListEntity.swift */ = {isa = PBXFileReference; lastKnownFileType = sourcecode.swift; path = RMCharactersListEntity.swift; sourceTree = "<group>"; };
		AD21AAED2DA5B38A00443773 /* RMCharacterEntity.swift */ = {isa = PBXFileReference; lastKnownFileType = sourcecode.swift; path = RMCharacterEntity.swift; sourceTree = "<group>"; };
		AD21AAEF2DA5B39400443773 /* RMCharacterStatusEntity.swift */ = {isa = PBXFileReference; lastKnownFileType = sourcecode.swift; path = RMCharacterStatusEntity.swift; sourceTree = "<group>"; };
		AD21AAF12DA5B3A600443773 /* RMCharacterGenderEntity.swift */ = {isa = PBXFileReference; lastKnownFileType = sourcecode.swift; path = RMCharacterGenderEntity.swift; sourceTree = "<group>"; };
		AD21AAF32DA5B3B900443773 /* RMCharacterLocationEntity.swift */ = {isa = PBXFileReference; lastKnownFileType = sourcecode.swift; path = RMCharacterLocationEntity.swift; sourceTree = "<group>"; };
		AD21AAF72DA5B3D300443773 /* RMEpisodesListEntity.swift */ = {isa = PBXFileReference; lastKnownFileType = sourcecode.swift; path = RMEpisodesListEntity.swift; sourceTree = "<group>"; };
		AD21AAF92DA5B3DE00443773 /* RMEpisodeEntity.swift */ = {isa = PBXFileReference; lastKnownFileType = sourcecode.swift; path = RMEpisodeEntity.swift; sourceTree = "<group>"; };
		AD21AAFE2DA5B6DA00443773 /* RMCharactersUseCase.swift */ = {isa = PBXFileReference; lastKnownFileType = sourcecode.swift; path = RMCharactersUseCase.swift; sourceTree = "<group>"; };
		AD21AB002DA5B6E400443773 /* RMCharactersUseCaseParameters.swift */ = {isa = PBXFileReference; lastKnownFileType = sourcecode.swift; path = RMCharactersUseCaseParameters.swift; sourceTree = "<group>"; };
		AD21AB062DA5B70D00443773 /* RMEpisodesUseCase.swift */ = {isa = PBXFileReference; lastKnownFileType = sourcecode.swift; path = RMEpisodesUseCase.swift; sourceTree = "<group>"; };
		AD21AB082DA5B71900443773 /* RMEpisodesUseCaseParameters.swift */ = {isa = PBXFileReference; lastKnownFileType = sourcecode.swift; path = RMEpisodesUseCaseParameters.swift; sourceTree = "<group>"; };
		AD21AB0C2DA5E21E00443773 /* RMCharactersListModel.swift */ = {isa = PBXFileReference; lastKnownFileType = sourcecode.swift; path = RMCharactersListModel.swift; sourceTree = "<group>"; };
		AD21AB0E2DA5E23900443773 /* RMCharacterDetailModel.swift */ = {isa = PBXFileReference; lastKnownFileType = sourcecode.swift; path = RMCharacterDetailModel.swift; sourceTree = "<group>"; };
		AD21AB122DA5E63C00443773 /* RMImageCacheMannager.swift */ = {isa = PBXFileReference; lastKnownFileType = sourcecode.swift; path = RMImageCacheMannager.swift; sourceTree = "<group>"; };
		AD21AB152DA5E67300443773 /* StringLocalized.swift */ = {isa = PBXFileReference; lastKnownFileType = sourcecode.swift; path = StringLocalized.swift; sourceTree = "<group>"; };
		AD541CA02DA19C0E003F54C0 /* RickAndMortyiOSApp.app */ = {isa = PBXFileReference; explicitFileType = wrapper.application; includeInIndex = 0; path = RickAndMortyiOSApp.app; sourceTree = BUILT_PRODUCTS_DIR; };
		AD541CB02DA19C10003F54C0 /* RickAndMortyiOSAppTests.xctest */ = {isa = PBXFileReference; explicitFileType = wrapper.cfbundle; includeInIndex = 0; path = RickAndMortyiOSAppTests.xctest; sourceTree = BUILT_PRODUCTS_DIR; };
		ADB5F6342DA6AD510023D4D2 /* RMLoadingStatus.swift */ = {isa = PBXFileReference; lastKnownFileType = sourcecode.swift; path = RMLoadingStatus.swift; sourceTree = "<group>"; };
/* End PBXFileReference section */

/* Begin PBXFrameworksBuildPhase section */
		AD541C9D2DA19C0E003F54C0 /* Frameworks */ = {
			isa = PBXFrameworksBuildPhase;
			buildActionMask = 2147483647;
			files = (
				AD058B1E2DA87D7A002BA735 /* Lottie in Frameworks */,
			);
			runOnlyForDeploymentPostprocessing = 0;
		};
		AD541CAD2DA19C10003F54C0 /* Frameworks */ = {
			isa = PBXFrameworksBuildPhase;
			buildActionMask = 2147483647;
			files = (
			);
			runOnlyForDeploymentPostprocessing = 0;
		};
/* End PBXFrameworksBuildPhase section */

/* Begin PBXGroup section */
		AD058AE62DA81234002BA735 /* RickAndMortyiOSAppTests */ = {
			isa = PBXGroup;
			children = (
				AD058AE72DA81296002BA735 /* Mock */,
				AD058AE82DA812B3002BA735 /* Domain */,
			);
			path = RickAndMortyiOSAppTests;
			sourceTree = "<group>";
		};
		AD058AE72DA81296002BA735 /* Mock */ = {
			isa = PBXGroup;
			children = (
				AD058AEA2DA812CD002BA735 /* Repository */,
				AD058AFA2DA81492002BA735 /* RawData */,
			);
			path = Mock;
			sourceTree = "<group>";
		};
		AD058AE82DA812B3002BA735 /* Domain */ = {
			isa = PBXGroup;
			children = (
				AD058AFF2DA81643002BA735 /* RMCharactersUseCaseTest.swift */,
				AD058B012DA8164F002BA735 /* RMEpisodesUseCaseTest.swift */,
			);
			path = Domain;
			sourceTree = "<group>";
		};
		AD058AEA2DA812CD002BA735 /* Repository */ = {
			isa = PBXGroup;
			children = (
				AD058AEC2DA8131B002BA735 /* RMCharactersRepositorySuccessMock.swift */,
				AD058AEE2DA81336002BA735 /* RMCharactersRepositoryFailureMock.swift */,
				AD058AF42DA8135B002BA735 /* RMEpisodesRepositoryFullSuccessMock.swift */,
				AD058AF62DA81376002BA735 /* RMEpisodesRepositoryResultsSuccessMock.swift */,
				AD058AF82DA81380002BA735 /* RMEpisodesRepositoryFailureMock.swift */,
			);
			path = Repository;
			sourceTree = "<group>";
		};
		AD058AFA2DA81492002BA735 /* RawData */ = {
			isa = PBXGroup;
			children = (
				AD058AFB2DA814AF002BA735 /* RMCharactersListMock.swift */,
				AD058AFD2DA814C3002BA735 /* RMEpisodesListMock.swift */,
			);
			path = RawData;
			sourceTree = "<group>";
		};
		AD058B032DA81702002BA735 /* Features */ = {
			isa = PBXGroup;
			children = (
				AD058B182DA87BFA002BA735 /* Commons */,
				AD21AA9E2DA5805500443773 /* CharactersList */,
				AD21AA972DA5805500443773 /* CharacterDetail */,
			);
			path = Features;
			sourceTree = "<group>";
		};
		AD058B0D2DA87972002BA735 /* Localizables */ = {
			isa = PBXGroup;
			children = (
				AD058B0F2DA879B0002BA735 /* Localizable.strings */,
			);
			path = Localizables;
			sourceTree = "<group>";
		};
		AD058B0E2DA87980002BA735 /* Animations */ = {
			isa = PBXGroup;
			children = (
				AD058B122DA87A8A002BA735 /* 39138-morty-cry-loader.json */,
				AD058B132DA87A8A002BA735 /* 98770-assistagro-loading-bars.json */,
			);
			path = Animations;
			sourceTree = "<group>";
		};
		AD058B182DA87BFA002BA735 /* Commons */ = {
			isa = PBXGroup;
			children = (
				AD058B192DA87C0D002BA735 /* RMEmptyStateView.swift */,
				AD058B1F2DA87E82002BA735 /* LottieView.swift */,
			);
			path = Commons;
			sourceTree = "<group>";
		};
		AD058B222DA8806B002BA735 /* Fonts */ = {
			isa = PBXGroup;
			children = (
				AD058B212DA8806B002BA735 /* shlop_rg.otf */,
			);
			path = Fonts;
			sourceTree = "<group>";
		};
		AD21AA732DA5805500443773 /* DI */ = {
			isa = PBXGroup;
			children = (
				AD21AA712DA5805500443773 /* AppDependenciesBuilder.swift */,
				AD21AA722DA5805500443773 /* AppEnvironment.swift */,
			);
			path = DI;
			sourceTree = "<group>";
		};
		AD21AA752DA5805500443773 /* ErrorManager */ = {
			isa = PBXGroup;
			children = (
				AD21AA742DA5805500443773 /* RMErrorManager.swift */,
			);
			path = ErrorManager;
			sourceTree = "<group>";
		};
		AD21AA772DA5805500443773 /* Preview Content */ = {
			isa = PBXGroup;
			children = (
				AD21AA762DA5805500443773 /* Preview Assets.xcassets */,
			);
			path = "Preview Content";
			sourceTree = "<group>";
		};
		AD21AA792DA5805500443773 /* Base */ = {
			isa = PBXGroup;
			children = (
				AD21AA782DA5805500443773 /* RickAndMortyiOSApp.swift */,
				ADB5F6342DA6AD510023D4D2 /* RMLoadingStatus.swift */,
				AD21AA732DA5805500443773 /* DI */,
				AD21AA752DA5805500443773 /* ErrorManager */,
				AD21AA772DA5805500443773 /* Preview Content */,
			);
			path = Base;
			sourceTree = "<group>";
		};
		AD21AA892DA5805500443773 /* Data */ = {
			isa = PBXGroup;
			children = (
				AD21AAC72DA5AD4B00443773 /* RMEndpoints.swift */,
				AD21AACA2DA5AD6400443773 /* Decodables */,
				AD21AACB2DA5AD7600443773 /* Repositories */,
			);
			path = Data;
			sourceTree = "<group>";
		};
		AD21AA8B2DA5805500443773 /* Entities */ = {
			isa = PBXGroup;
			children = (
				AD21AAE42DA5B30000443773 /* RMRequestInfoEntity.swift */,
				AD21AAE82DA5B32700443773 /* RMCharacters */,
				AD21AAEA2DA5B33B00443773 /* RMEpisodes */,
			);
			path = Entities;
			sourceTree = "<group>";
		};
		AD21AA8D2DA5805500443773 /* UseCases */ = {
			isa = PBXGroup;
			children = (
				AD21AAFB2DA5B40C00443773 /* RMCharacters */,
				AD21AAFD2DA5B6B700443773 /* RMEpisodes */,
			);
			path = UseCases;
			sourceTree = "<group>";
		};
		AD21AA8E2DA5805500443773 /* Domain */ = {
			isa = PBXGroup;
			children = (
				AD21AA8B2DA5805500443773 /* Entities */,
				AD21AA8D2DA5805500443773 /* UseCases */,
			);
			path = Domain;
			sourceTree = "<group>";
		};
		AD21AA942DA5805500443773 /* View */ = {
			isa = PBXGroup;
			children = (
				AD21AAC12DA5A8E100443773 /* RMEpisodeCellView.swift */,
				AD21AA912DA5805500443773 /* RMCharacterDetailTypeView.swift */,
				AD21AA932DA5805500443773 /* RMCharacterProfileImageView.swift */,
				AD21AA922DA5805500443773 /* RMCharacterDetailView.swift */,
			);
			path = View;
			sourceTree = "<group>";
		};
		AD21AA962DA5805500443773 /* ViewModel */ = {
			isa = PBXGroup;
			children = (
				AD21AA952DA5805500443773 /* RMCharacterDetailViewModel.swift */,
			);
			path = ViewModel;
			sourceTree = "<group>";
		};
		AD21AA972DA5805500443773 /* CharacterDetail */ = {
			isa = PBXGroup;
			children = (
				AD21AB0B2DA5E20F00443773 /* Model */,
				AD21AA942DA5805500443773 /* View */,
				AD21AA962DA5805500443773 /* ViewModel */,
			);
			path = CharacterDetail;
			sourceTree = "<group>";
		};
		AD21AA9B2DA5805500443773 /* View */ = {
			isa = PBXGroup;
			children = (
				AD058B162DA87BE1002BA735 /* RMCharacterLoadingCell.swift */,
				AD21AA982DA5805500443773 /* RMCharacterCellView.swift */,
				AD21AA992DA5805500443773 /* RMCharactersListView.swift */,
			);
			path = View;
			sourceTree = "<group>";
		};
		AD21AA9D2DA5805500443773 /* ViewModel */ = {
			isa = PBXGroup;
			children = (
				AD21AA9C2DA5805500443773 /* RMCharactersListViewModel.swift */,
			);
			path = ViewModel;
			sourceTree = "<group>";
		};
		AD21AA9E2DA5805500443773 /* CharactersList */ = {
			isa = PBXGroup;
			children = (
				AD21AB0A2DA5E20A00443773 /* Model */,
				AD21AA9B2DA5805500443773 /* View */,
				AD21AA9D2DA5805500443773 /* ViewModel */,
			);
			path = CharactersList;
			sourceTree = "<group>";
		};
		AD21AAA02DA5805500443773 /* Presentation */ = {
			isa = PBXGroup;
			children = (
				AD058B032DA81702002BA735 /* Features */,
			);
			path = Presentation;
			sourceTree = "<group>";
		};
		AD21AAA32DA5805500443773 /* Resources */ = {
			isa = PBXGroup;
			children = (
				AD058B0E2DA87980002BA735 /* Animations */,
				AD058B0D2DA87972002BA735 /* Localizables */,
				AD058B222DA8806B002BA735 /* Fonts */,
				AD21AAA12DA5805500443773 /* Assets.xcassets */,
				AD21AAA22DA5805500443773 /* Preview Assets.xcassets */,
			);
			path = Resources;
			sourceTree = "<group>";
		};
		AD21AAA42DA5805500443773 /* RickAndMortyiOSApp */ = {
			isa = PBXGroup;
			children = (
				AD21AA792DA5805500443773 /* Base */,
				AD21AA892DA5805500443773 /* Data */,
				AD21AA8E2DA5805500443773 /* Domain */,
				AD21AAA02DA5805500443773 /* Presentation */,
				AD21AAA32DA5805500443773 /* Resources */,
				AD21AB102DA5E61E00443773 /* Utils */,
				AD058B242DA880DE002BA735 /* Info.plist */,
			);
			path = RickAndMortyiOSApp;
			sourceTree = "<group>";
		};
		AD21AACA2DA5AD6400443773 /* Decodables */ = {
			isa = PBXGroup;
			children = (
				AD21AAD02DA5AE2C00443773 /* RMRequestInfoDecodable.swift */,
				AD21AACC2DA5AD9200443773 /* RMCharacters */,
				AD21AACD2DA5ADA900443773 /* RMEpisodes */,
			);
			path = Decodables;
			sourceTree = "<group>";
		};
		AD21AACB2DA5AD7600443773 /* Repositories */ = {
			isa = PBXGroup;
			children = (
				AD21AACE2DA5ADBC00443773 /* RMCharacters */,
				AD21AACF2DA5ADC200443773 /* RMEpisodes */,
			);
			path = Repositories;
			sourceTree = "<group>";
		};
		AD21AACC2DA5AD9200443773 /* RMCharacters */ = {
			isa = PBXGroup;
			children = (
				AD21AAD22DA5AE4D00443773 /* RMCharactersListDecodable.swift */,
				AD21AAD42DA5AE6100443773 /* RMCharacterDecodable.swift */,
				AD21AAD62DA5AE7C00443773 /* RMCharacterLocationDecodable.swift */,
			);
			path = RMCharacters;
			sourceTree = "<group>";
		};
		AD21AACD2DA5ADA900443773 /* RMEpisodes */ = {
			isa = PBXGroup;
			children = (
				AD21AAD82DA5AFB000443773 /* RMEpisodesListDecodable.swift */,
				AD21AADA2DA5B1C400443773 /* RMEpisodeDecodable.swift */,
			);
			path = RMEpisodes;
			sourceTree = "<group>";
		};
		AD21AACE2DA5ADBC00443773 /* RMCharacters */ = {
			isa = PBXGroup;
			children = (
				AD21AADC2DA5B1D700443773 /* RMCharactersRepository.swift */,
				AD21AADE2DA5B2B900443773 /* RMCharactersRepositoryParameters.swift */,
			);
			path = RMCharacters;
			sourceTree = "<group>";
		};
		AD21AACF2DA5ADC200443773 /* RMEpisodes */ = {
			isa = PBXGroup;
			children = (
				AD21AAE02DA5B2D500443773 /* RMEpisodesRepository.swift */,
				AD21AAE22DA5B2DF00443773 /* RMEpisodesRepositoryParameters.swift */,
			);
			path = RMEpisodes;
			sourceTree = "<group>";
		};
		AD21AAE82DA5B32700443773 /* RMCharacters */ = {
			isa = PBXGroup;
			children = (
				AD21AAEB2DA5B38100443773 /* RMCharactersListEntity.swift */,
				AD21AAED2DA5B38A00443773 /* RMCharacterEntity.swift */,
				AD21AAEF2DA5B39400443773 /* RMCharacterStatusEntity.swift */,
				AD21AAF12DA5B3A600443773 /* RMCharacterGenderEntity.swift */,
				AD21AAF32DA5B3B900443773 /* RMCharacterLocationEntity.swift */,
			);
			path = RMCharacters;
			sourceTree = "<group>";
		};
		AD21AAEA2DA5B33B00443773 /* RMEpisodes */ = {
			isa = PBXGroup;
			children = (
				AD21AAF72DA5B3D300443773 /* RMEpisodesListEntity.swift */,
				AD21AAF92DA5B3DE00443773 /* RMEpisodeEntity.swift */,
			);
			path = RMEpisodes;
			sourceTree = "<group>";
		};
		AD21AAFB2DA5B40C00443773 /* RMCharacters */ = {
			isa = PBXGroup;
			children = (
				AD21AAFE2DA5B6DA00443773 /* RMCharactersUseCase.swift */,
				AD21AB002DA5B6E400443773 /* RMCharactersUseCaseParameters.swift */,
			);
			path = RMCharacters;
			sourceTree = "<group>";
		};
		AD21AAFD2DA5B6B700443773 /* RMEpisodes */ = {
			isa = PBXGroup;
			children = (
				AD21AB062DA5B70D00443773 /* RMEpisodesUseCase.swift */,
				AD21AB082DA5B71900443773 /* RMEpisodesUseCaseParameters.swift */,
			);
			path = RMEpisodes;
			sourceTree = "<group>";
		};
		AD21AB0A2DA5E20A00443773 /* Model */ = {
			isa = PBXGroup;
			children = (
				AD21AB0C2DA5E21E00443773 /* RMCharactersListModel.swift */,
			);
			path = Model;
			sourceTree = "<group>";
		};
		AD21AB0B2DA5E20F00443773 /* Model */ = {
			isa = PBXGroup;
			children = (
				AD21AB0E2DA5E23900443773 /* RMCharacterDetailModel.swift */,
			);
			path = Model;
			sourceTree = "<group>";
		};
		AD21AB102DA5E61E00443773 /* Utils */ = {
			isa = PBXGroup;
			children = (
				AD21AB112DA5E62A00443773 /* Managers */,
				AD21AB142DA5E65800443773 /* Extensions */,
			);
			path = Utils;
			sourceTree = "<group>";
		};
		AD21AB112DA5E62A00443773 /* Managers */ = {
			isa = PBXGroup;
			children = (
				AD21AB122DA5E63C00443773 /* RMImageCacheMannager.swift */,
			);
			path = Managers;
			sourceTree = "<group>";
		};
		AD21AB142DA5E65800443773 /* Extensions */ = {
			isa = PBXGroup;
			children = (
				AD21AB152DA5E67300443773 /* StringLocalized.swift */,
			);
			path = Extensions;
			sourceTree = "<group>";
		};
		AD541C972DA19C0E003F54C0 = {
			isa = PBXGroup;
			children = (
				AD21AAA42DA5805500443773 /* RickAndMortyiOSApp */,
				AD058AE62DA81234002BA735 /* RickAndMortyiOSAppTests */,
				AD541CA12DA19C0E003F54C0 /* Products */,
			);
			sourceTree = "<group>";
		};
		AD541CA12DA19C0E003F54C0 /* Products */ = {
			isa = PBXGroup;
			children = (
				AD541CA02DA19C0E003F54C0 /* RickAndMortyiOSApp.app */,
				AD541CB02DA19C10003F54C0 /* RickAndMortyiOSAppTests.xctest */,
			);
			name = Products;
			sourceTree = "<group>";
		};
/* End PBXGroup section */

/* Begin PBXNativeTarget section */
		AD541C9F2DA19C0E003F54C0 /* RickAndMortyiOSApp */ = {
			isa = PBXNativeTarget;
			buildConfigurationList = AD541CC42DA19C10003F54C0 /* Build configuration list for PBXNativeTarget "RickAndMortyiOSApp" */;
			buildPhases = (
				AD541C9C2DA19C0E003F54C0 /* Sources */,
				AD541C9D2DA19C0E003F54C0 /* Frameworks */,
				AD541C9E2DA19C0E003F54C0 /* Resources */,
			);
			buildRules = (
			);
			dependencies = (
			);
			name = RickAndMortyiOSApp;
			packageProductDependencies = (
				AD058B1D2DA87D7A002BA735 /* Lottie */,
			);
			productName = RickAndMortyiOSApp;
			productReference = AD541CA02DA19C0E003F54C0 /* RickAndMortyiOSApp.app */;
			productType = "com.apple.product-type.application";
		};
		AD541CAF2DA19C10003F54C0 /* RickAndMortyiOSAppTests */ = {
			isa = PBXNativeTarget;
			buildConfigurationList = AD541CC72DA19C10003F54C0 /* Build configuration list for PBXNativeTarget "RickAndMortyiOSAppTests" */;
			buildPhases = (
				AD541CAC2DA19C10003F54C0 /* Sources */,
				AD541CAD2DA19C10003F54C0 /* Frameworks */,
				AD541CAE2DA19C10003F54C0 /* Resources */,
			);
			buildRules = (
			);
			dependencies = (
				AD541CB22DA19C10003F54C0 /* PBXTargetDependency */,
			);
			name = RickAndMortyiOSAppTests;
			packageProductDependencies = (
			);
			productName = RickAndMortyiOSAppTests;
			productReference = AD541CB02DA19C10003F54C0 /* RickAndMortyiOSAppTests.xctest */;
			productType = "com.apple.product-type.bundle.unit-test";
		};
/* End PBXNativeTarget section */

/* Begin PBXProject section */
		AD541C982DA19C0E003F54C0 /* Project object */ = {
			isa = PBXProject;
			attributes = {
				BuildIndependentTargetsInParallel = 1;
				LastSwiftUpdateCheck = 1620;
				LastUpgradeCheck = 1620;
				TargetAttributes = {
					AD541C9F2DA19C0E003F54C0 = {
						CreatedOnToolsVersion = 16.2;
					};
					AD541CAF2DA19C10003F54C0 = {
						CreatedOnToolsVersion = 16.2;
						LastSwiftMigration = 1620;
						TestTargetID = AD541C9F2DA19C0E003F54C0;
					};
				};
			};
			buildConfigurationList = AD541C9B2DA19C0E003F54C0 /* Build configuration list for PBXProject "RickAndMortyiOSApp" */;
			developmentRegion = en;
			hasScannedForEncodings = 0;
			knownRegions = (
				en,
				Base,
			);
			mainGroup = AD541C972DA19C0E003F54C0;
			minimizedProjectReferenceProxies = 1;
			packageReferences = (
				AD058B1C2DA87D7A002BA735 /* XCRemoteSwiftPackageReference "lottie-spm" */,
			);
			preferredProjectObjectVersion = 77;
			productRefGroup = AD541CA12DA19C0E003F54C0 /* Products */;
			projectDirPath = "";
			projectRoot = "";
			targets = (
				AD541C9F2DA19C0E003F54C0 /* RickAndMortyiOSApp */,
				AD541CAF2DA19C10003F54C0 /* RickAndMortyiOSAppTests */,
			);
		};
/* End PBXProject section */

/* Begin PBXResourcesBuildPhase section */
		AD541C9E2DA19C0E003F54C0 /* Resources */ = {
			isa = PBXResourcesBuildPhase;
			buildActionMask = 2147483647;
			files = (
				AD21AABE2DA5805500443773 /* Preview Assets.xcassets in Resources */,
				AD058B232DA8806B002BA735 /* shlop_rg.otf in Resources */,
				AD058B112DA879B0002BA735 /* Localizable.strings in Resources */,
				AD058B142DA87A8A002BA735 /* 39138-morty-cry-loader.json in Resources */,
				AD058B152DA87A8A002BA735 /* 98770-assistagro-loading-bars.json in Resources */,
				AD21AABF2DA5805500443773 /* Assets.xcassets in Resources */,
				AD21AAC02DA5805500443773 /* Preview Assets.xcassets in Resources */,
			);
			runOnlyForDeploymentPostprocessing = 0;
		};
		AD541CAE2DA19C10003F54C0 /* Resources */ = {
			isa = PBXResourcesBuildPhase;
			buildActionMask = 2147483647;
			files = (
			);
			runOnlyForDeploymentPostprocessing = 0;
		};
/* End PBXResourcesBuildPhase section */

/* Begin PBXSourcesBuildPhase section */
		AD541C9C2DA19C0E003F54C0 /* Sources */ = {
			isa = PBXSourcesBuildPhase;
			buildActionMask = 2147483647;
			files = (
				AD21AAD12DA5AE2C00443773 /* RMRequestInfoDecodable.swift in Sources */,
				AD21AAA52DA5805500443773 /* AppDependenciesBuilder.swift in Sources */,
				AD21AAA62DA5805500443773 /* AppEnvironment.swift in Sources */,
				AD21AAA72DA5805500443773 /* RMErrorManager.swift in Sources */,
				AD21AAA82DA5805500443773 /* RickAndMortyiOSApp.swift in Sources */,
				AD21AAE12DA5B2D500443773 /* RMEpisodesRepository.swift in Sources */,
				AD21AAF82DA5B3D300443773 /* RMEpisodesListEntity.swift in Sources */,
				AD21AAE32DA5B2DF00443773 /* RMEpisodesRepositoryParameters.swift in Sources */,
				AD21AAC22DA5A8E100443773 /* RMEpisodeCellView.swift in Sources */,
				AD058B172DA87BE1002BA735 /* RMCharacterLoadingCell.swift in Sources */,
				AD21AADB2DA5B1C400443773 /* RMEpisodeDecodable.swift in Sources */,
				AD21AB162DA5E67300443773 /* StringLocalized.swift in Sources */,
				AD21AB092DA5B71900443773 /* RMEpisodesUseCaseParameters.swift in Sources */,
				AD21AAC82DA5AD4B00443773 /* RMEndpoints.swift in Sources */,
				AD21AAD32DA5AE4D00443773 /* RMCharactersListDecodable.swift in Sources */,
				AD21AADD2DA5B1D700443773 /* RMCharactersRepository.swift in Sources */,
				AD21AAEC2DA5B38100443773 /* RMCharactersListEntity.swift in Sources */,
				AD21AAE52DA5B30000443773 /* RMRequestInfoEntity.swift in Sources */,
				AD21AAFF2DA5B6DA00443773 /* RMCharactersUseCase.swift in Sources */,
				AD21AAEE2DA5B38A00443773 /* RMCharacterEntity.swift in Sources */,
				AD21AB132DA5E63C00443773 /* RMImageCacheMannager.swift in Sources */,
				AD21AAD92DA5AFB000443773 /* RMEpisodesListDecodable.swift in Sources */,
				AD21AAD52DA5AE6100443773 /* RMCharacterDecodable.swift in Sources */,
				AD21AAB62DA5805500443773 /* RMCharacterDetailTypeView.swift in Sources */,
				AD21AAB72DA5805500443773 /* RMCharacterDetailView.swift in Sources */,
				AD21AB072DA5B70D00443773 /* RMEpisodesUseCase.swift in Sources */,
				AD21AAF42DA5B3B900443773 /* RMCharacterLocationEntity.swift in Sources */,
				AD21AAF02DA5B39400443773 /* RMCharacterStatusEntity.swift in Sources */,
				ADB5F6352DA6AD510023D4D2 /* RMLoadingStatus.swift in Sources */,
				AD21AB0D2DA5E21E00443773 /* RMCharactersListModel.swift in Sources */,
				AD058B202DA87E82002BA735 /* LottieView.swift in Sources */,
				AD21AAFA2DA5B3DE00443773 /* RMEpisodeEntity.swift in Sources */,
				AD21AAB82DA5805500443773 /* RMCharacterProfileImageView.swift in Sources */,
				AD21AAB92DA5805500443773 /* RMCharacterDetailViewModel.swift in Sources */,
				AD21AABA2DA5805500443773 /* RMCharacterCellView.swift in Sources */,
				AD21AB012DA5B6E400443773 /* RMCharactersUseCaseParameters.swift in Sources */,
				AD21AABB2DA5805500443773 /* RMCharactersListView.swift in Sources */,
				AD21AAD72DA5AE7C00443773 /* RMCharacterLocationDecodable.swift in Sources */,
				AD21AB0F2DA5E23900443773 /* RMCharacterDetailModel.swift in Sources */,
				AD21AADF2DA5B2B900443773 /* RMCharactersRepositoryParameters.swift in Sources */,
				AD21AAF22DA5B3A600443773 /* RMCharacterGenderEntity.swift in Sources */,
				AD21AABD2DA5805500443773 /* RMCharactersListViewModel.swift in Sources */,
				AD058B1A2DA87C0D002BA735 /* RMEmptyStateView.swift in Sources */,
			);
			runOnlyForDeploymentPostprocessing = 0;
		};
		AD541CAC2DA19C10003F54C0 /* Sources */ = {
			isa = PBXSourcesBuildPhase;
			buildActionMask = 2147483647;
			files = (
				AD058B002DA81643002BA735 /* RMCharactersUseCaseTest.swift in Sources */,
				AD058AED2DA8131B002BA735 /* RMCharactersRepositorySuccessMock.swift in Sources */,
				AD058B022DA8164F002BA735 /* RMEpisodesUseCaseTest.swift in Sources */,
				AD058AEF2DA81336002BA735 /* RMCharactersRepositoryFailureMock.swift in Sources */,
				AD058AF52DA8135B002BA735 /* RMEpisodesRepositoryFullSuccessMock.swift in Sources */,
				AD058AFE2DA814C3002BA735 /* RMEpisodesListMock.swift in Sources */,
				AD058AF72DA81376002BA735 /* RMEpisodesRepositoryResultsSuccessMock.swift in Sources */,
				AD058AF92DA81380002BA735 /* RMEpisodesRepositoryFailureMock.swift in Sources */,
				AD058AFC2DA814AF002BA735 /* RMCharactersListMock.swift in Sources */,
			);
			runOnlyForDeploymentPostprocessing = 0;
		};
/* End PBXSourcesBuildPhase section */

/* Begin PBXTargetDependency section */
		AD541CB22DA19C10003F54C0 /* PBXTargetDependency */ = {
			isa = PBXTargetDependency;
			target = AD541C9F2DA19C0E003F54C0 /* RickAndMortyiOSApp */;
			targetProxy = AD541CB12DA19C10003F54C0 /* PBXContainerItemProxy */;
		};
/* End PBXTargetDependency section */

/* Begin PBXVariantGroup section */
		AD058B0F2DA879B0002BA735 /* Localizable.strings */ = {
			isa = PBXVariantGroup;
			children = (
				AD058B102DA879B0002BA735 /* en */,
			);
			name = Localizable.strings;
			sourceTree = "<group>";
		};
/* End PBXVariantGroup section */

/* Begin XCBuildConfiguration section */
		AD541CC22DA19C10003F54C0 /* Debug */ = {
			isa = XCBuildConfiguration;
			buildSettings = {
				ALWAYS_SEARCH_USER_PATHS = NO;
				ASSETCATALOG_COMPILER_GENERATE_SWIFT_ASSET_SYMBOL_EXTENSIONS = YES;
				CLANG_ANALYZER_NONNULL = YES;
				CLANG_ANALYZER_NUMBER_OBJECT_CONVERSION = YES_AGGRESSIVE;
				CLANG_CXX_LANGUAGE_STANDARD = "gnu++20";
				CLANG_ENABLE_MODULES = YES;
				CLANG_ENABLE_OBJC_ARC = YES;
				CLANG_ENABLE_OBJC_WEAK = YES;
				CLANG_WARN_BLOCK_CAPTURE_AUTORELEASING = YES;
				CLANG_WARN_BOOL_CONVERSION = YES;
				CLANG_WARN_COMMA = YES;
				CLANG_WARN_CONSTANT_CONVERSION = YES;
				CLANG_WARN_DEPRECATED_OBJC_IMPLEMENTATIONS = YES;
				CLANG_WARN_DIRECT_OBJC_ISA_USAGE = YES_ERROR;
				CLANG_WARN_DOCUMENTATION_COMMENTS = YES;
				CLANG_WARN_EMPTY_BODY = YES;
				CLANG_WARN_ENUM_CONVERSION = YES;
				CLANG_WARN_INFINITE_RECURSION = YES;
				CLANG_WARN_INT_CONVERSION = YES;
				CLANG_WARN_NON_LITERAL_NULL_CONVERSION = YES;
				CLANG_WARN_OBJC_IMPLICIT_RETAIN_SELF = YES;
				CLANG_WARN_OBJC_LITERAL_CONVERSION = YES;
				CLANG_WARN_OBJC_ROOT_CLASS = YES_ERROR;
				CLANG_WARN_QUOTED_INCLUDE_IN_FRAMEWORK_HEADER = YES;
				CLANG_WARN_RANGE_LOOP_ANALYSIS = YES;
				CLANG_WARN_STRICT_PROTOTYPES = YES;
				CLANG_WARN_SUSPICIOUS_MOVE = YES;
				CLANG_WARN_UNGUARDED_AVAILABILITY = YES_AGGRESSIVE;
				CLANG_WARN_UNREACHABLE_CODE = YES;
				CLANG_WARN__DUPLICATE_METHOD_MATCH = YES;
				COPY_PHASE_STRIP = NO;
				DEBUG_INFORMATION_FORMAT = dwarf;
				ENABLE_STRICT_OBJC_MSGSEND = YES;
				ENABLE_TESTABILITY = YES;
				ENABLE_USER_SCRIPT_SANDBOXING = YES;
				GCC_C_LANGUAGE_STANDARD = gnu17;
				GCC_DYNAMIC_NO_PIC = NO;
				GCC_NO_COMMON_BLOCKS = YES;
				GCC_OPTIMIZATION_LEVEL = 0;
				GCC_PREPROCESSOR_DEFINITIONS = (
					"DEBUG=1",
					"$(inherited)",
				);
				GCC_WARN_64_TO_32_BIT_CONVERSION = YES;
				GCC_WARN_ABOUT_RETURN_TYPE = YES_ERROR;
				GCC_WARN_UNDECLARED_SELECTOR = YES;
				GCC_WARN_UNINITIALIZED_AUTOS = YES_AGGRESSIVE;
				GCC_WARN_UNUSED_FUNCTION = YES;
				GCC_WARN_UNUSED_VARIABLE = YES;
				IPHONEOS_DEPLOYMENT_TARGET = 18.2;
				LOCALIZATION_PREFERS_STRING_CATALOGS = YES;
				MTL_ENABLE_DEBUG_INFO = INCLUDE_SOURCE;
				MTL_FAST_MATH = YES;
				ONLY_ACTIVE_ARCH = YES;
				SDKROOT = iphoneos;
				SWIFT_ACTIVE_COMPILATION_CONDITIONS = "DEBUG $(inherited)";
				SWIFT_OPTIMIZATION_LEVEL = "-Onone";
			};
			name = Debug;
		};
		AD541CC32DA19C10003F54C0 /* Release */ = {
			isa = XCBuildConfiguration;
			buildSettings = {
				ALWAYS_SEARCH_USER_PATHS = NO;
				ASSETCATALOG_COMPILER_GENERATE_SWIFT_ASSET_SYMBOL_EXTENSIONS = YES;
				CLANG_ANALYZER_NONNULL = YES;
				CLANG_ANALYZER_NUMBER_OBJECT_CONVERSION = YES_AGGRESSIVE;
				CLANG_CXX_LANGUAGE_STANDARD = "gnu++20";
				CLANG_ENABLE_MODULES = YES;
				CLANG_ENABLE_OBJC_ARC = YES;
				CLANG_ENABLE_OBJC_WEAK = YES;
				CLANG_WARN_BLOCK_CAPTURE_AUTORELEASING = YES;
				CLANG_WARN_BOOL_CONVERSION = YES;
				CLANG_WARN_COMMA = YES;
				CLANG_WARN_CONSTANT_CONVERSION = YES;
				CLANG_WARN_DEPRECATED_OBJC_IMPLEMENTATIONS = YES;
				CLANG_WARN_DIRECT_OBJC_ISA_USAGE = YES_ERROR;
				CLANG_WARN_DOCUMENTATION_COMMENTS = YES;
				CLANG_WARN_EMPTY_BODY = YES;
				CLANG_WARN_ENUM_CONVERSION = YES;
				CLANG_WARN_INFINITE_RECURSION = YES;
				CLANG_WARN_INT_CONVERSION = YES;
				CLANG_WARN_NON_LITERAL_NULL_CONVERSION = YES;
				CLANG_WARN_OBJC_IMPLICIT_RETAIN_SELF = YES;
				CLANG_WARN_OBJC_LITERAL_CONVERSION = YES;
				CLANG_WARN_OBJC_ROOT_CLASS = YES_ERROR;
				CLANG_WARN_QUOTED_INCLUDE_IN_FRAMEWORK_HEADER = YES;
				CLANG_WARN_RANGE_LOOP_ANALYSIS = YES;
				CLANG_WARN_STRICT_PROTOTYPES = YES;
				CLANG_WARN_SUSPICIOUS_MOVE = YES;
				CLANG_WARN_UNGUARDED_AVAILABILITY = YES_AGGRESSIVE;
				CLANG_WARN_UNREACHABLE_CODE = YES;
				CLANG_WARN__DUPLICATE_METHOD_MATCH = YES;
				COPY_PHASE_STRIP = NO;
				DEBUG_INFORMATION_FORMAT = "dwarf-with-dsym";
				ENABLE_NS_ASSERTIONS = NO;
				ENABLE_STRICT_OBJC_MSGSEND = YES;
				ENABLE_USER_SCRIPT_SANDBOXING = YES;
				GCC_C_LANGUAGE_STANDARD = gnu17;
				GCC_NO_COMMON_BLOCKS = YES;
				GCC_WARN_64_TO_32_BIT_CONVERSION = YES;
				GCC_WARN_ABOUT_RETURN_TYPE = YES_ERROR;
				GCC_WARN_UNDECLARED_SELECTOR = YES;
				GCC_WARN_UNINITIALIZED_AUTOS = YES_AGGRESSIVE;
				GCC_WARN_UNUSED_FUNCTION = YES;
				GCC_WARN_UNUSED_VARIABLE = YES;
				IPHONEOS_DEPLOYMENT_TARGET = 18.2;
				LOCALIZATION_PREFERS_STRING_CATALOGS = YES;
				MTL_ENABLE_DEBUG_INFO = NO;
				MTL_FAST_MATH = YES;
				SDKROOT = iphoneos;
				SWIFT_COMPILATION_MODE = wholemodule;
				VALIDATE_PRODUCT = YES;
			};
			name = Release;
		};
		AD541CC52DA19C10003F54C0 /* Debug */ = {
			isa = XCBuildConfiguration;
			buildSettings = {
				ASSETCATALOG_COMPILER_APPICON_NAME = AppIcon;
				ASSETCATALOG_COMPILER_GLOBAL_ACCENT_COLOR_NAME = AccentColor;
				ASSETCATALOG_COMPILER_INCLUDE_ALL_APPICON_ASSETS = NO;
				CODE_SIGN_STYLE = Automatic;
				CURRENT_PROJECT_VERSION = 1;
				DEVELOPMENT_ASSET_PATHS = "\"RickAndMortyiOSApp/Resources\"";
				DEVELOPMENT_TEAM = UJ8245Z3MQ;
				ENABLE_PREVIEWS = YES;
				GENERATE_INFOPLIST_FILE = YES;
				INFOPLIST_FILE = RickAndMortyiOSApp/Info.plist;
				INFOPLIST_KEY_LSApplicationCategoryType = "public.app-category.entertainment";
				INFOPLIST_KEY_UIApplicationSceneManifest_Generation = YES;
				INFOPLIST_KEY_UIApplicationSupportsIndirectInputEvents = YES;
				INFOPLIST_KEY_UILaunchScreen_Generation = YES;
				INFOPLIST_KEY_UILaunchStoryboardName = SplashView.swift;
				INFOPLIST_KEY_UISupportedInterfaceOrientations = UIInterfaceOrientationPortrait;
				INFOPLIST_KEY_UISupportedInterfaceOrientations_iPad = "UIInterfaceOrientationLandscapeLeft UIInterfaceOrientationLandscapeRight UIInterfaceOrientationPortrait UIInterfaceOrientationPortraitUpsideDown";
				LD_RUNPATH_SEARCH_PATHS = (
					"$(inherited)",
					"@executable_path/Frameworks",
				);
				MARKETING_VERSION = 1.0;
				PRODUCT_BUNDLE_IDENTIFIER = com.anthonydev.RickAndMortyiOSApp;
				PRODUCT_NAME = "$(TARGET_NAME)";
				SUPPORTED_PLATFORMS = "iphoneos iphonesimulator";
				SUPPORTS_MACCATALYST = NO;
				SUPPORTS_MAC_DESIGNED_FOR_IPHONE_IPAD = NO;
				SUPPORTS_XR_DESIGNED_FOR_IPHONE_IPAD = NO;
				SWIFT_EMIT_LOC_STRINGS = YES;
				SWIFT_VERSION = 5.0;
				TARGETED_DEVICE_FAMILY = 1;
			};
			name = Debug;
		};
		AD541CC62DA19C10003F54C0 /* Release */ = {
			isa = XCBuildConfiguration;
			buildSettings = {
				ASSETCATALOG_COMPILER_APPICON_NAME = AppIcon;
				ASSETCATALOG_COMPILER_GLOBAL_ACCENT_COLOR_NAME = AccentColor;
				ASSETCATALOG_COMPILER_INCLUDE_ALL_APPICON_ASSETS = NO;
				CODE_SIGN_STYLE = Automatic;
				CURRENT_PROJECT_VERSION = 1;
				DEVELOPMENT_ASSET_PATHS = "\"RickAndMortyiOSApp/Resources\"";
				DEVELOPMENT_TEAM = UJ8245Z3MQ;
				ENABLE_PREVIEWS = YES;
				GENERATE_INFOPLIST_FILE = YES;
				INFOPLIST_FILE = RickAndMortyiOSApp/Info.plist;
				INFOPLIST_KEY_LSApplicationCategoryType = "public.app-category.entertainment";
				INFOPLIST_KEY_UIApplicationSceneManifest_Generation = YES;
				INFOPLIST_KEY_UIApplicationSupportsIndirectInputEvents = YES;
				INFOPLIST_KEY_UILaunchScreen_Generation = YES;
				INFOPLIST_KEY_UILaunchStoryboardName = SplashView.swift;
				INFOPLIST_KEY_UISupportedInterfaceOrientations = UIInterfaceOrientationPortrait;
				INFOPLIST_KEY_UISupportedInterfaceOrientations_iPad = "UIInterfaceOrientationLandscapeLeft UIInterfaceOrientationLandscapeRight UIInterfaceOrientationPortrait UIInterfaceOrientationPortraitUpsideDown";
				LD_RUNPATH_SEARCH_PATHS = (
					"$(inherited)",
					"@executable_path/Frameworks",
				);
				MARKETING_VERSION = 1.0;
				PRODUCT_BUNDLE_IDENTIFIER = com.anthonydev.RickAndMortyiOSApp;
				PRODUCT_NAME = "$(TARGET_NAME)";
				SUPPORTED_PLATFORMS = "iphoneos iphonesimulator";
				SUPPORTS_MACCATALYST = NO;
				SUPPORTS_MAC_DESIGNED_FOR_IPHONE_IPAD = NO;
				SUPPORTS_XR_DESIGNED_FOR_IPHONE_IPAD = NO;
				SWIFT_EMIT_LOC_STRINGS = YES;
				SWIFT_VERSION = 5.0;
				TARGETED_DEVICE_FAMILY = 1;
			};
			name = Release;
		};
		AD541CC82DA19C10003F54C0 /* Debug */ = {
			isa = XCBuildConfiguration;
			buildSettings = {
				BUNDLE_LOADER = "$(TEST_HOST)";
				CLANG_ENABLE_MODULES = YES;
				CODE_SIGN_STYLE = Automatic;
				CURRENT_PROJECT_VERSION = 1;
				DEVELOPMENT_TEAM = UJ8245Z3MQ;
				GENERATE_INFOPLIST_FILE = YES;
				IPHONEOS_DEPLOYMENT_TARGET = 18.2;
				MARKETING_VERSION = 1.0;
				PRODUCT_BUNDLE_IDENTIFIER = com.anthonydev.RickAndMortyiOSAppTests;
				PRODUCT_NAME = "$(TARGET_NAME)";
				SWIFT_EMIT_LOC_STRINGS = NO;
				SWIFT_OBJC_BRIDGING_HEADER = "";
				SWIFT_OPTIMIZATION_LEVEL = "-Onone";
				SWIFT_VERSION = 5.0;
				TARGETED_DEVICE_FAMILY = "1,2";
				TEST_HOST = "$(BUILT_PRODUCTS_DIR)/RickAndMortyiOSApp.app/$(BUNDLE_EXECUTABLE_FOLDER_PATH)/RickAndMortyiOSApp";
			};
			name = Debug;
		};
		AD541CC92DA19C10003F54C0 /* Release */ = {
			isa = XCBuildConfiguration;
			buildSettings = {
				BUNDLE_LOADER = "$(TEST_HOST)";
				CLANG_ENABLE_MODULES = YES;
				CODE_SIGN_STYLE = Automatic;
				CURRENT_PROJECT_VERSION = 1;
				DEVELOPMENT_TEAM = UJ8245Z3MQ;
				GENERATE_INFOPLIST_FILE = YES;
				IPHONEOS_DEPLOYMENT_TARGET = 18.2;
				MARKETING_VERSION = 1.0;
				PRODUCT_BUNDLE_IDENTIFIER = com.anthonydev.RickAndMortyiOSAppTests;
				PRODUCT_NAME = "$(TARGET_NAME)";
				SWIFT_EMIT_LOC_STRINGS = NO;
				SWIFT_OBJC_BRIDGING_HEADER = "";
				SWIFT_VERSION = 5.0;
				TARGETED_DEVICE_FAMILY = "1,2";
				TEST_HOST = "$(BUILT_PRODUCTS_DIR)/RickAndMortyiOSApp.app/$(BUNDLE_EXECUTABLE_FOLDER_PATH)/RickAndMortyiOSApp";
			};
			name = Release;
		};
/* End XCBuildConfiguration section */

/* Begin XCConfigurationList section */
		AD541C9B2DA19C0E003F54C0 /* Build configuration list for PBXProject "RickAndMortyiOSApp" */ = {
			isa = XCConfigurationList;
			buildConfigurations = (
				AD541CC22DA19C10003F54C0 /* Debug */,
				AD541CC32DA19C10003F54C0 /* Release */,
			);
			defaultConfigurationIsVisible = 0;
			defaultConfigurationName = Release;
		};
		AD541CC42DA19C10003F54C0 /* Build configuration list for PBXNativeTarget "RickAndMortyiOSApp" */ = {
			isa = XCConfigurationList;
			buildConfigurations = (
				AD541CC52DA19C10003F54C0 /* Debug */,
				AD541CC62DA19C10003F54C0 /* Release */,
			);
			defaultConfigurationIsVisible = 0;
			defaultConfigurationName = Release;
		};
		AD541CC72DA19C10003F54C0 /* Build configuration list for PBXNativeTarget "RickAndMortyiOSAppTests" */ = {
			isa = XCConfigurationList;
			buildConfigurations = (
				AD541CC82DA19C10003F54C0 /* Debug */,
				AD541CC92DA19C10003F54C0 /* Release */,
			);
			defaultConfigurationIsVisible = 0;
			defaultConfigurationName = Release;
		};
/* End XCConfigurationList section */

/* Begin XCRemoteSwiftPackageReference section */
		AD058B1C2DA87D7A002BA735 /* XCRemoteSwiftPackageReference "lottie-spm" */ = {
			isa = XCRemoteSwiftPackageReference;
			repositoryURL = "https://github.com/airbnb/lottie-spm.git";
			requirement = {
				kind = upToNextMajorVersion;
				minimumVersion = 4.5.1;
			};
		};
/* End XCRemoteSwiftPackageReference section */

/* Begin XCSwiftPackageProductDependency section */
		AD058B1D2DA87D7A002BA735 /* Lottie */ = {
			isa = XCSwiftPackageProductDependency;
			package = AD058B1C2DA87D7A002BA735 /* XCRemoteSwiftPackageReference "lottie-spm" */;
			productName = Lottie;
		};
/* End XCSwiftPackageProductDependency section */
	};
	rootObject = AD541C982DA19C0E003F54C0 /* Project object */;
}
